
Microsoft Visual Studio Solution File, Format Version 12.00
# Visual Studio Version 17
VisualStudioVersion = 17.8.34309.116
MinimumVisualStudioVersion = 10.0.40219.1
Project("{FAE04EC0-301F-11D3-BF4B-00C04F79EFBC}") = "SystemSkarbnik", "SystemSkarbnik\SystemSkarbnik.csproj", "{5079AFC9-1522-4BFA-868C-C3AB7D312F2A}"
EndProject
Global
	GlobalSection(SolutionConfigurationPlatforms) = preSolution
		Debug|Any CPU = Debug|Any CPU
		Release|Any CPU = Release|Any CPU
	EndGlobalSection
	GlobalSection(ProjectConfigurationPlatforms) = postSolution
		{5079AFC9-1522-4BFA-868C-C3AB7D312F2A}.Debug|Any CPU.ActiveCfg = Debug|Any CPU
		{5079AFC9-1522-4BFA-868C-C3AB7D312F2A}.Debug|Any CPU.Build.0 = Debug|Any CPU
		{5079AFC9-1522-4BFA-868C-C3AB7D312F2A}.Release|Any CPU.ActiveCfg = Release|Any CPU
		{5079AFC9-1522-4BFA-868C-C3AB7D312F2A}.Release|Any CPU.Build.0 = Release|Any CPU
	EndGlobalSection
	GlobalSection(SolutionProperties) = preSolution
		HideSolutionNode = FALSE
	EndGlobalSection
	GlobalSection(ExtensibilityGlobals) = postSolution
		SolutionGuid = {431B87CB-A82E-4553-A9A3-0285BD1BD0BA}
	EndGlobalSection
EndGlobal
